// !$*UTF8*$!
{
	archiveVersion = 1;
	classes = {
	};
	objectVersion = 50;
	objects = {

/* Begin PBXBuildFile section */
		6ED717C22A07143900910A6A /* AppDelegate.swift in Sources */ = {isa = PBXBuildFile; fileRef = 6ED717C12A07143900910A6A /* AppDelegate.swift */; };
		6ED717C42A07143900910A6A /* SceneDelegate.swift in Sources */ = {isa = PBXBuildFile; fileRef = 6ED717C32A07143900910A6A /* SceneDelegate.swift */; };
		6ED717C62A07143900910A6A /* ViewController.swift in Sources */ = {isa = PBXBuildFile; fileRef = 6ED717C52A07143900910A6A /* ViewController.swift */; };
		6ED717C92A07143900910A6A /* Main.storyboard in Resources */ = {isa = PBXBuildFile; fileRef = 6ED717C72A07143900910A6A /* Main.storyboard */; };
		6ED717CB2A07143A00910A6A /* Assets.xcassets in Resources */ = {isa = PBXBuildFile; fileRef = 6ED717CA2A07143A00910A6A /* Assets.xcassets */; };
		6ED717CE2A07143A00910A6A /* LaunchScreen.storyboard in Resources */ = {isa = PBXBuildFile; fileRef = 6ED717CC2A07143A00910A6A /* LaunchScreen.storyboard */; };
		6ED717D92A07143A00910A6A /* findparty_iosTests.swift in Sources */ = {isa = PBXBuildFile; fileRef = 6ED717D82A07143A00910A6A /* findparty_iosTests.swift */; };
		6ED717E42A07143A00910A6A /* findparty_iosUITests.swift in Sources */ = {isa = PBXBuildFile; fileRef = 6ED717E32A07143A00910A6A /* findparty_iosUITests.swift */; };
/* End PBXBuildFile section */

/* Begin PBXContainerItemProxy section */
		6ED717D52A07143A00910A6A /* PBXContainerItemProxy */ = {
			isa = PBXContainerItemProxy;
			containerPortal = 6ED717B62A07143900910A6A /* Project object */;
			proxyType = 1;
			remoteGlobalIDString = 6ED717BD2A07143900910A6A;
			remoteInfo = "findparty-ios";
		};
		6ED717E02A07143A00910A6A /* PBXContainerItemProxy */ = {
			isa = PBXContainerItemProxy;
			containerPortal = 6ED717B62A07143900910A6A /* Project object */;
			proxyType = 1;
			remoteGlobalIDString = 6ED717BD2A07143900910A6A;
			remoteInfo = "findparty-ios";
		};
/* End PBXContainerItemProxy section */

/* Begin PBXFileReference section */
		6ED717BE2A07143900910A6A /* findparty-ios.app */ = {isa = PBXFileReference; explicitFileType = wrapper.application; includeInIndex = 0; path = "findparty-ios.app"; sourceTree = BUILT_PRODUCTS_DIR; };
		6ED717C12A07143900910A6A /* AppDelegate.swift */ = {isa = PBXFileReference; lastKnownFileType = sourcecode.swift; path = AppDelegate.swift; sourceTree = "<group>"; };
		6ED717C32A07143900910A6A /* SceneDelegate.swift */ = {isa = PBXFileReference; lastKnownFileType = sourcecode.swift; path = SceneDelegate.swift; sourceTree = "<group>"; };
		6ED717C52A07143900910A6A /* ViewController.swift */ = {isa = PBXFileReference; lastKnownFileType = sourcecode.swift; path = ViewController.swift; sourceTree = "<group>"; };
		6ED717C82A07143900910A6A /* Base */ = {isa = PBXFileReference; lastKnownFileType = file.storyboard; name = Base; path = Base.lproj/Main.storyboard; sourceTree = "<group>"; };
		6ED717CA2A07143A00910A6A /* Assets.xcassets */ = {isa = PBXFileReference; lastKnownFileType = folder.assetcatalog; path = Assets.xcassets; sourceTree = "<group>"; };
		6ED717CD2A07143A00910A6A /* Base */ = {isa = PBXFileReference; lastKnownFileType = file.storyboard; name = Base; path = Base.lproj/LaunchScreen.storyboard; sourceTree = "<group>"; };
		6ED717CF2A07143A00910A6A /* Info.plist */ = {isa = PBXFileReference; lastKnownFileType = text.plist.xml; path = Info.plist; sourceTree = "<group>"; };
		6ED717D42A07143A00910A6A /* findparty-iosTests.xctest */ = {isa = PBXFileReference; explicitFileType = wrapper.cfbundle; includeInIndex = 0; path = "findparty-iosTests.xctest"; sourceTree = BUILT_PRODUCTS_DIR; };
		6ED717D82A07143A00910A6A /* findparty_iosTests.swift */ = {isa = PBXFileReference; lastKnownFileType = sourcecode.swift; path = findparty_iosTests.swift; sourceTree = "<group>"; };
		6ED717DA2A07143A00910A6A /* Info.plist */ = {isa = PBXFileReference; lastKnownFileType = text.plist.xml; path = Info.plist; sourceTree = "<group>"; };
		6ED717DF2A07143A00910A6A /* findparty-iosUITests.xctest */ = {isa = PBXFileReference; explicitFileType = wrapper.cfbundle; includeInIndex = 0; path = "findparty-iosUITests.xctest"; sourceTree = BUILT_PRODUCTS_DIR; };
		6ED717E32A07143A00910A6A /* findparty_iosUITests.swift */ = {isa = PBXFileReference; lastKnownFileType = sourcecode.swift; path = findparty_iosUITests.swift; sourceTree = "<group>"; };
		6ED717E52A07143B00910A6A /* Info.plist */ = {isa = PBXFileReference; lastKnownFileType = text.plist.xml; path = Info.plist; sourceTree = "<group>"; };
/* End PBXFileReference section */

/* Begin PBXFrameworksBuildPhase section */
		6ED717BB2A07143900910A6A /* Frameworks */ = {
			isa = PBXFrameworksBuildPhase;
			buildActionMask = 2147483647;
			files = (
			);
			runOnlyForDeploymentPostprocessing = 0;
		};
		6ED717D12A07143A00910A6A /* Frameworks */ = {
			isa = PBXFrameworksBuildPhase;
			buildActionMask = 2147483647;
			files = (
			);
			runOnlyForDeploymentPostprocessing = 0;
		};
		6ED717DC2A07143A00910A6A /* Frameworks */ = {
			isa = PBXFrameworksBuildPhase;
			buildActionMask = 2147483647;
			files = (
			);
			runOnlyForDeploymentPostprocessing = 0;
		};
/* End PBXFrameworksBuildPhase section */

/* Begin PBXGroup section */
		6ED717B52A07143900910A6A = {
			isa = PBXGroup;
			children = (
				6ED717C02A07143900910A6A /* findparty-ios */,
				6ED717D72A07143A00910A6A /* findparty-iosTests */,
				6ED717E22A07143A00910A6A /* findparty-iosUITests */,
				6ED717BF2A07143900910A6A /* Products */,
			);
			sourceTree = "<group>";
		};
		6ED717BF2A07143900910A6A /* Products */ = {
			isa = PBXGroup;
			children = (
				6ED717BE2A07143900910A6A /* findparty-ios.app */,
				6ED717D42A07143A00910A6A /* findparty-iosTests.xctest */,
				6ED717DF2A07143A00910A6A /* findparty-iosUITests.xctest */,
			);
			name = Products;
			sourceTree = "<group>";
		};
		6ED717C02A07143900910A6A /* findparty-ios */ = {
			isa = PBXGroup;
			children = (
				6ED717C12A07143900910A6A /* AppDelegate.swift */,
				6ED717C32A07143900910A6A /* SceneDelegate.swift */,
				6ED717C52A07143900910A6A /* ViewController.swift */,
				6ED717C72A07143900910A6A /* Main.storyboard */,
				6ED717CA2A07143A00910A6A /* Assets.xcassets */,
				6ED717CC2A07143A00910A6A /* LaunchScreen.storyboard */,
				6ED717CF2A07143A00910A6A /* Info.plist */,
			);
			path = "findparty-ios";
			sourceTree = "<group>";
		};
		6ED717D72A07143A00910A6A /* findparty-iosTests */ = {
			isa = PBXGroup;
			children = (
				6ED717D82A07143A00910A6A /* findparty_iosTests.swift */,
				6ED717DA2A07143A00910A6A /* Info.plist */,
			);
			path = "findparty-iosTests";
			sourceTree = "<group>";
		};
		6ED717E22A07143A00910A6A /* findparty-iosUITests */ = {
			isa = PBXGroup;
			children = (
				6ED717E32A07143A00910A6A /* findparty_iosUITests.swift */,
				6ED717E52A07143B00910A6A /* Info.plist */,
			);
			path = "findparty-iosUITests";
			sourceTree = "<group>";
		};
/* End PBXGroup section */

/* Begin PBXNativeTarget section */
		6ED717BD2A07143900910A6A /* findparty-ios */ = {
			isa = PBXNativeTarget;
			buildConfigurationList = 6ED717E82A07143B00910A6A /* Build configuration list for PBXNativeTarget "findparty-ios" */;
			buildPhases = (
				6ED717BA2A07143900910A6A /* Sources */,
				6ED717BB2A07143900910A6A /* Frameworks */,
				6ED717BC2A07143900910A6A /* Resources */,
			);
			buildRules = (
			);
			dependencies = (
			);
			name = "findparty-ios";
			productName = "findparty-ios";
			productReference = 6ED717BE2A07143900910A6A /* findparty-ios.app */;
			productType = "com.apple.product-type.application";
		};
		6ED717D32A07143A00910A6A /* findparty-iosTests */ = {
			isa = PBXNativeTarget;
			buildConfigurationList = 6ED717EB2A07143B00910A6A /* Build configuration list for PBXNativeTarget "findparty-iosTests" */;
			buildPhases = (
				6ED717D02A07143A00910A6A /* Sources */,
				6ED717D12A07143A00910A6A /* Frameworks */,
				6ED717D22A07143A00910A6A /* Resources */,
			);
			buildRules = (
			);
			dependencies = (
				6ED717D62A07143A00910A6A /* PBXTargetDependency */,
			);
			name = "findparty-iosTests";
			productName = "findparty-iosTests";
			productReference = 6ED717D42A07143A00910A6A /* findparty-iosTests.xctest */;
			productType = "com.apple.product-type.bundle.unit-test";
		};
		6ED717DE2A07143A00910A6A /* findparty-iosUITests */ = {
			isa = PBXNativeTarget;
			buildConfigurationList = 6ED717EE2A07143B00910A6A /* Build configuration list for PBXNativeTarget "findparty-iosUITests" */;
			buildPhases = (
				6ED717DB2A07143A00910A6A /* Sources */,
				6ED717DC2A07143A00910A6A /* Frameworks */,
				6ED717DD2A07143A00910A6A /* Resources */,
			);
			buildRules = (
			);
			dependencies = (
				6ED717E12A07143A00910A6A /* PBXTargetDependency */,
			);
			name = "findparty-iosUITests";
			productName = "findparty-iosUITests";
			productReference = 6ED717DF2A07143A00910A6A /* findparty-iosUITests.xctest */;
			productType = "com.apple.product-type.bundle.ui-testing";
		};
/* End PBXNativeTarget section */

/* Begin PBXProject section */
		6ED717B62A07143900910A6A /* Project object */ = {
			isa = PBXProject;
			attributes = {
				LastSwiftUpdateCheck = 1240;
				LastUpgradeCheck = 1240;
				TargetAttributes = {
					6ED717BD2A07143900910A6A = {
						CreatedOnToolsVersion = 12.4;
					};
					6ED717D32A07143A00910A6A = {
						CreatedOnToolsVersion = 12.4;
						TestTargetID = 6ED717BD2A07143900910A6A;
					};
					6ED717DE2A07143A00910A6A = {
						CreatedOnToolsVersion = 12.4;
						TestTargetID = 6ED717BD2A07143900910A6A;
					};
				};
			};
			buildConfigurationList = 6ED717B92A07143900910A6A /* Build configuration list for PBXProject "findparty-ios" */;
			compatibilityVersion = "Xcode 9.3";
			developmentRegion = en;
			hasScannedForEncodings = 0;
			knownRegions = (
				en,
				Base,
			);
			mainGroup = 6ED717B52A07143900910A6A;
			productRefGroup = 6ED717BF2A07143900910A6A /* Products */;
			projectDirPath = "";
			projectRoot = "";
			targets = (
				6ED717BD2A07143900910A6A /* findparty-ios */,
				6ED717D32A07143A00910A6A /* findparty-iosTests */,
				6ED717DE2A07143A00910A6A /* findparty-iosUITests */,
			);
		};
/* End PBXProject section */

/* Begin PBXResourcesBuildPhase section */
		6ED717BC2A07143900910A6A /* Resources */ = {
			isa = PBXResourcesBuildPhase;
			buildActionMask = 2147483647;
			files = (
				6ED717CE2A07143A00910A6A /* LaunchScreen.storyboard in Resources */,
				6ED717CB2A07143A00910A6A /* Assets.xcassets in Resources */,
				6ED717C92A07143900910A6A /* Main.storyboard in Resources */,
			);
			runOnlyForDeploymentPostprocessing = 0;
		};
		6ED717D22A07143A00910A6A /* Resources */ = {
			isa = PBXResourcesBuildPhase;
			buildActionMask = 2147483647;
			files = (
			);
			runOnlyForDeploymentPostprocessing = 0;
		};
		6ED717DD2A07143A00910A6A /* Resources */ = {
			isa = PBXResourcesBuildPhase;
			buildActionMask = 2147483647;
			files = (
			);
			runOnlyForDeploymentPostprocessing = 0;
		};
/* End PBXResourcesBuildPhase section */

/* Begin PBXSourcesBuildPhase section */
		6ED717BA2A07143900910A6A /* Sources */ = {
			isa = PBXSourcesBuildPhase;
			buildActionMask = 2147483647;
			files = (
				6ED717C62A07143900910A6A /* ViewController.swift in Sources */,
				6ED717C22A07143900910A6A /* AppDelegate.swift in Sources */,
				6ED717C42A07143900910A6A /* SceneDelegate.swift in Sources */,
			);
			runOnlyForDeploymentPostprocessing = 0;
		};
		6ED717D02A07143A00910A6A /* Sources */ = {
			isa = PBXSourcesBuildPhase;
			buildActionMask = 2147483647;
			files = (
				6ED717D92A07143A00910A6A /* findparty_iosTests.swift in Sources */,
			);
			runOnlyForDeploymentPostprocessing = 0;
		};
		6ED717DB2A07143A00910A6A /* Sources */ = {
			isa = PBXSourcesBuildPhase;
			buildActionMask = 2147483647;
			files = (
				6ED717E42A07143A00910A6A /* findparty_iosUITests.swift in Sources */,
			);
			runOnlyForDeploymentPostprocessing = 0;
		};
/* End PBXSourcesBuildPhase section */

/* Begin PBXTargetDependency section */
		6ED717D62A07143A00910A6A /* PBXTargetDependency */ = {
			isa = PBXTargetDependency;
			target = 6ED717BD2A07143900910A6A /* findparty-ios */;
			targetProxy = 6ED717D52A07143A00910A6A /* PBXContainerItemProxy */;
		};
		6ED717E12A07143A00910A6A /* PBXTargetDependency */ = {
			isa = PBXTargetDependency;
			target = 6ED717BD2A07143900910A6A /* findparty-ios */;
			targetProxy = 6ED717E02A07143A00910A6A /* PBXContainerItemProxy */;
		};
/* End PBXTargetDependency section */

/* Begin PBXVariantGroup section */
		6ED717C72A07143900910A6A /* Main.storyboard */ = {
			isa = PBXVariantGroup;
			children = (
				6ED717C82A07143900910A6A /* Base */,
			);
			name = Main.storyboard;
			sourceTree = "<group>";
		};
		6ED717CC2A07143A00910A6A /* LaunchScreen.storyboard */ = {
			isa = PBXVariantGroup;
			children = (
				6ED717CD2A07143A00910A6A /* Base */,
			);
			name = LaunchScreen.storyboard;
			sourceTree = "<group>";
		};
/* End PBXVariantGroup section */

/* Begin XCBuildConfiguration section */
		6ED717E62A07143B00910A6A /* Debug */ = {
			isa = XCBuildConfiguration;
			buildSettings = {
				ALWAYS_SEARCH_USER_PATHS = NO;
				CLANG_ANALYZER_NONNULL = YES;
				CLANG_ANALYZER_NUMBER_OBJECT_CONVERSION = YES_AGGRESSIVE;
				CLANG_CXX_LANGUAGE_STANDARD = "gnu++14";
				CLANG_CXX_LIBRARY = "libc++";
				CLANG_ENABLE_MODULES = YES;
				CLANG_ENABLE_OBJC_ARC = YES;
				CLANG_ENABLE_OBJC_WEAK = YES;
				CLANG_WARN_BLOCK_CAPTURE_AUTORELEASING = YES;
				CLANG_WARN_BOOL_CONVERSION = YES;
				CLANG_WARN_COMMA = YES;
				CLANG_WARN_CONSTANT_CONVERSION = YES;
				CLANG_WARN_DEPRECATED_OBJC_IMPLEMENTATIONS = YES;
				CLANG_WARN_DIRECT_OBJC_ISA_USAGE = YES_ERROR;
				CLANG_WARN_DOCUMENTATION_COMMENTS = YES;
				CLANG_WARN_EMPTY_BODY = YES;
				CLANG_WARN_ENUM_CONVERSION = YES;
				CLANG_WARN_INFINITE_RECURSION = YES;
				CLANG_WARN_INT_CONVERSION = YES;
				CLANG_WARN_NON_LITERAL_NULL_CONVERSION = YES;
				CLANG_WARN_OBJC_IMPLICIT_RETAIN_SELF = YES;
				CLANG_WARN_OBJC_LITERAL_CONVERSION = YES;
				CLANG_WARN_OBJC_ROOT_CLASS = YES_ERROR;
				CLANG_WARN_QUOTED_INCLUDE_IN_FRAMEWORK_HEADER = YES;
				CLANG_WARN_RANGE_LOOP_ANALYSIS = YES;
				CLANG_WARN_STRICT_PROTOTYPES = YES;
				CLANG_WARN_SUSPICIOUS_MOVE = YES;
				CLANG_WARN_UNGUARDED_AVAILABILITY = YES_AGGRESSIVE;
				CLANG_WARN_UNREACHABLE_CODE = YES;
				CLANG_WARN__DUPLICATE_METHOD_MATCH = YES;
				COPY_PHASE_STRIP = NO;
				DEBUG_INFORMATION_FORMAT = dwarf;
				ENABLE_STRICT_OBJC_MSGSEND = YES;
				ENABLE_TESTABILITY = YES;
				GCC_C_LANGUAGE_STANDARD = gnu11;
				GCC_DYNAMIC_NO_PIC = NO;
				GCC_NO_COMMON_BLOCKS = YES;
				GCC_OPTIMIZATION_LEVEL = 0;
				GCC_PREPROCESSOR_DEFINITIONS = (
					"DEBUG=1",
					"$(inherited)",
				);
				GCC_WARN_64_TO_32_BIT_CONVERSION = YES;
				GCC_WARN_ABOUT_RETURN_TYPE = YES_ERROR;
				GCC_WARN_UNDECLARED_SELECTOR = YES;
				GCC_WARN_UNINITIALIZED_AUTOS = YES_AGGRESSIVE;
				GCC_WARN_UNUSED_FUNCTION = YES;
				GCC_WARN_UNUSED_VARIABLE = YES;
				IPHONEOS_DEPLOYMENT_TARGET = 14.4;
				MTL_ENABLE_DEBUG_INFO = INCLUDE_SOURCE;
				MTL_FAST_MATH = YES;
				ONLY_ACTIVE_ARCH = YES;
				SDKROOT = iphoneos;
				SWIFT_ACTIVE_COMPILATION_CONDITIONS = DEBUG;
				SWIFT_OPTIMIZATION_LEVEL = "-Onone";
			};
			name = Debug;
		};
		6ED717E72A07143B00910A6A /* Release */ = {
			isa = XCBuildConfiguration;
			buildSettings = {
				ALWAYS_SEARCH_USER_PATHS = NO;
				CLANG_ANALYZER_NONNULL = YES;
				CLANG_ANALYZER_NUMBER_OBJECT_CONVERSION = YES_AGGRESSIVE;
				CLANG_CXX_LANGUAGE_STANDARD = "gnu++14";
				CLANG_CXX_LIBRARY = "libc++";
				CLANG_ENABLE_MODULES = YES;
				CLANG_ENABLE_OBJC_ARC = YES;
				CLANG_ENABLE_OBJC_WEAK = YES;
				CLANG_WARN_BLOCK_CAPTURE_AUTORELEASING = YES;
				CLANG_WARN_BOOL_CONVERSION = YES;
				CLANG_WARN_COMMA = YES;
				CLANG_WARN_CONSTANT_CONVERSION = YES;
				CLANG_WARN_DEPRECATED_OBJC_IMPLEMENTATIONS = YES;
				CLANG_WARN_DIRECT_OBJC_ISA_USAGE = YES_ERROR;
				CLANG_WARN_DOCUMENTATION_COMMENTS = YES;
				CLANG_WARN_EMPTY_BODY = YES;
				CLANG_WARN_ENUM_CONVERSION = YES;
				CLANG_WARN_INFINITE_RECURSION = YES;
				CLANG_WARN_INT_CONVERSION = YES;
				CLANG_WARN_NON_LITERAL_NULL_CONVERSION = YES;
				CLANG_WARN_OBJC_IMPLICIT_RETAIN_SELF = YES;
				CLANG_WARN_OBJC_LITERAL_CONVERSION = YES;
				CLANG_WARN_OBJC_ROOT_CLASS = YES_ERROR;
				CLANG_WARN_QUOTED_INCLUDE_IN_FRAMEWORK_HEADER = YES;
				CLANG_WARN_RANGE_LOOP_ANALYSIS = YES;
				CLANG_WARN_STRICT_PROTOTYPES = YES;
				CLANG_WARN_SUSPICIOUS_MOVE = YES;
				CLANG_WARN_UNGUARDED_AVAILABILITY = YES_AGGRESSIVE;
				CLANG_WARN_UNREACHABLE_CODE = YES;
				CLANG_WARN__DUPLICATE_METHOD_MATCH = YES;
				COPY_PHASE_STRIP = NO;
				DEBUG_INFORMATION_FORMAT = "dwarf-with-dsym";
				ENABLE_NS_ASSERTIONS = NO;
				ENABLE_STRICT_OBJC_MSGSEND = YES;
				GCC_C_LANGUAGE_STANDARD = gnu11;
				GCC_NO_COMMON_BLOCKS = YES;
				GCC_WARN_64_TO_32_BIT_CONVERSION = YES;
				GCC_WARN_ABOUT_RETURN_TYPE = YES_ERROR;
				GCC_WARN_UNDECLARED_SELECTOR = YES;
				GCC_WARN_UNINITIALIZED_AUTOS = YES_AGGRESSIVE;
				GCC_WARN_UNUSED_FUNCTION = YES;
				GCC_WARN_UNUSED_VARIABLE = YES;
				IPHONEOS_DEPLOYMENT_TARGET = 14.4;
				MTL_ENABLE_DEBUG_INFO = NO;
				MTL_FAST_MATH = YES;
				SDKROOT = iphoneos;
				SWIFT_COMPILATION_MODE = wholemodule;
				SWIFT_OPTIMIZATION_LEVEL = "-O";
				VALIDATE_PRODUCT = YES;
			};
			name = Release;
		};
		6ED717E92A07143B00910A6A /* Debug */ = {
			isa = XCBuildConfiguration;
			buildSettings = {
				ASSETCATALOG_COMPILER_APPICON_NAME = AppIcon;
				ASSETCATALOG_COMPILER_GLOBAL_ACCENT_COLOR_NAME = AccentColor;
				CODE_SIGN_STYLE = Automatic;
				INFOPLIST_FILE = "findparty-ios/Info.plist";
				LD_RUNPATH_SEARCH_PATHS = (
					"$(inherited)",
					"@executable_path/Frameworks",
				);
				PRODUCT_BUNDLE_IDENTIFIER = "com.findparty.findparty-ios";
				PRODUCT_NAME = "$(TARGET_NAME)";
				SWIFT_VERSION = 5.0;
				TARGETED_DEVICE_FAMILY = "1,2";
			};
			name = Debug;
		};
		6ED717EA2A07143B00910A6A /* Release */ = {
			isa = XCBuildConfiguration;
			buildSettings = {
				ASSETCATALOG_COMPILER_APPICON_NAME = AppIcon;
				ASSETCATALOG_COMPILER_GLOBAL_ACCENT_COLOR_NAME = AccentColor;
				CODE_SIGN_STYLE = Automatic;
				INFOPLIST_FILE = "findparty-ios/Info.plist";
				LD_RUNPATH_SEARCH_PATHS = (
					"$(inherited)",
					"@executable_path/Frameworks",
				);
				PRODUCT_BUNDLE_IDENTIFIER = "com.findparty.findparty-ios";
				PRODUCT_NAME = "$(TARGET_NAME)";
				SWIFT_VERSION = 5.0;
				TARGETED_DEVICE_FAMILY = "1,2";
			};
			name = Release;
		};
		6ED717EC2A07143B00910A6A /* Debug */ = {
			isa = XCBuildConfiguration;
			buildSettings = {
				ALWAYS_EMBED_SWIFT_STANDARD_LIBRARIES = YES;
				BUNDLE_LOADER = "$(TEST_HOST)";
				CODE_SIGN_STYLE = Automatic;
				INFOPLIST_FILE = "findparty-iosTests/Info.plist";
				IPHONEOS_DEPLOYMENT_TARGET = 14.4;
				LD_RUNPATH_SEARCH_PATHS = (
					"$(inherited)",
					"@executable_path/Frameworks",
					"@loader_path/Frameworks",
				);
				PRODUCT_BUNDLE_IDENTIFIER = "com.findparty.findparty-iosTests";
				PRODUCT_NAME = "$(TARGET_NAME)";
				SWIFT_VERSION = 5.0;
				TARGETED_DEVICE_FAMILY = "1,2";
				TEST_HOST = "$(BUILT_PRODUCTS_DIR)/findparty-ios.app/findparty-ios";
			};
			name = Debug;
		};
		6ED717ED2A07143B00910A6A /* Release */ = {
			isa = XCBuildConfiguration;
			buildSettings = {
				ALWAYS_EMBED_SWIFT_STANDARD_LIBRARIES = YES;
				BUNDLE_LOADER = "$(TEST_HOST)";
				CODE_SIGN_STYLE = Automatic;
				INFOPLIST_FILE = "findparty-iosTests/Info.plist";
				IPHONEOS_DEPLOYMENT_TARGET = 14.4;
				LD_RUNPATH_SEARCH_PATHS = (
					"$(inherited)",
					"@executable_path/Frameworks",
					"@loader_path/Frameworks",
				);
				PRODUCT_BUNDLE_IDENTIFIER = "com.findparty.findparty-iosTests";
				PRODUCT_NAME = "$(TARGET_NAME)";
				SWIFT_VERSION = 5.0;
				TARGETED_DEVICE_FAMILY = "1,2";
				TEST_HOST = "$(BUILT_PRODUCTS_DIR)/findparty-ios.app/findparty-ios";
			};
			name = Release;
		};
		6ED717EF2A07143B00910A6A /* Debug */ = {
			isa = XCBuildConfiguration;
			buildSettings = {
				ALWAYS_EMBED_SWIFT_STANDARD_LIBRARIES = YES;
				CODE_SIGN_STYLE = Automatic;
				INFOPLIST_FILE = "findparty-iosUITests/Info.plist";
				LD_RUNPATH_SEARCH_PATHS = (
					"$(inherited)",
					"@executable_path/Frameworks",
					"@loader_path/Frameworks",
				);
				PRODUCT_BUNDLE_IDENTIFIER = "com.findparty.findparty-iosUITests";
				PRODUCT_NAME = "$(TARGET_NAME)";
				SWIFT_VERSION = 5.0;
				TARGETED_DEVICE_FAMILY = "1,2";
				TEST_TARGET_NAME = "findparty-ios";
			};
			name = Debug;
		};
		6ED717F02A07143B00910A6A /* Release */ = {
			isa = XCBuildConfiguration;
			buildSettings = {
				ALWAYS_EMBED_SWIFT_STANDARD_LIBRARIES = YES;
				CODE_SIGN_STYLE = Automatic;
				INFOPLIST_FILE = "findparty-iosUITests/Info.plist";
				LD_RUNPATH_SEARCH_PATHS = (
					"$(inherited)",
					"@executable_path/Frameworks",
					"@loader_path/Frameworks",
				);
				PRODUCT_BUNDLE_IDENTIFIER = "com.findparty.findparty-iosUITests";
				PRODUCT_NAME = "$(TARGET_NAME)";
				SWIFT_VERSION = 5.0;
				TARGETED_DEVICE_FAMILY = "1,2";
				TEST_TARGET_NAME = "findparty-ios";
			};
			name = Release;
		};
/* End XCBuildConfiguration section */

/* Begin XCConfigurationList section */
		6ED717B92A07143900910A6A /* Build configuration list for PBXProject "findparty-ios" */ = {
			isa = XCConfigurationList;
			buildConfigurations = (
				6ED717E62A07143B00910A6A /* Debug */,
				6ED717E72A07143B00910A6A /* Release */,
			);
			defaultConfigurationIsVisible = 0;
			defaultConfigurationName = Release;
		};
		6ED717E82A07143B00910A6A /* Build configuration list for PBXNativeTarget "findparty-ios" */ = {
			isa = XCConfigurationList;
			buildConfigurations = (
				6ED717E92A07143B00910A6A /* Debug */,
				6ED717EA2A07143B00910A6A /* Release */,
			);
			defaultConfigurationIsVisible = 0;
			defaultConfigurationName = Release;
		};
		6ED717EB2A07143B00910A6A /* Build configuration list for PBXNativeTarget "findparty-iosTests" */ = {
			isa = XCConfigurationList;
			buildConfigurations = (
				6ED717EC2A07143B00910A6A /* Debug */,
				6ED717ED2A07143B00910A6A /* Release */,
			);
			defaultConfigurationIsVisible = 0;
			defaultConfigurationName = Release;
		};
		6ED717EE2A07143B00910A6A /* Build configuration list for PBXNativeTarget "findparty-iosUITests" */ = {
			isa = XCConfigurationList;
			buildConfigurations = (
				6ED717EF2A07143B00910A6A /* Debug */,
				6ED717F02A07143B00910A6A /* Release */,
			);
			defaultConfigurationIsVisible = 0;
			defaultConfigurationName = Release;
		};
/* End XCConfigurationList section */
	};
	rootObject = 6ED717B62A07143900910A6A /* Project object */;
}
